
Microsoft Visual Studio Solution File, Format Version 12.00
# Visual Studio 15
VisualStudioVersion = 15.0.26730.16
MinimumVisualStudioVersion = 10.0.40219.1
Project("{FAE04EC0-301F-11D3-BF4B-00C04F79EFBC}") = "Homework4", "Homework4\Homework4.csproj", "{B57811C8-7901-4BAA-8160-5386D034C5ED}"
EndProject
Global
	GlobalSection(SolutionConfigurationPlatforms) = preSolution
		Debug|Any CPU = Debug|Any CPU
		Release|Any CPU = Release|Any CPU
	EndGlobalSection
	GlobalSection(ProjectConfigurationPlatforms) = postSolution
		{B57811C8-7901-4BAA-8160-5386D034C5ED}.Debug|Any CPU.ActiveCfg = Debug|Any CPU
		{B57811C8-7901-4BAA-8160-5386D034C5ED}.Debug|Any CPU.Build.0 = Debug|Any CPU
		{B57811C8-7901-4BAA-8160-5386D034C5ED}.Release|Any CPU.ActiveCfg = Release|Any CPU
		{B57811C8-7901-4BAA-8160-5386D034C5ED}.Release|Any CPU.Build.0 = Release|Any CPU
	EndGlobalSection
	GlobalSection(SolutionProperties) = preSolution
		HideSolutionNode = FALSE
	EndGlobalSection
	GlobalSection(ExtensibilityGlobals) = postSolution
		SolutionGuid = {4C45448A-855A-438F-84AD-73F589AE859F}
	EndGlobalSection
EndGlobal
